
Microsoft Visual Studio Solution File, Format Version 12.00
# Visual Studio Version 17
VisualStudioVersion = 17.9.34714.143
MinimumVisualStudioVersion = 10.0.40219.1
Project("{FAE04EC0-301F-11D3-BF4B-00C04F79EFBC}") = "AITraing", "AITraing.csproj", "{8C2C8ED7-C43E-4BA4-AD05-DD6DE9961346}"
EndProject
Global
	GlobalSection(SolutionConfigurationPlatforms) = preSolution
		Debug|Any CPU = Debug|Any CPU
		Release|Any CPU = Release|Any CPU
	EndGlobalSection
	GlobalSection(ProjectConfigurationPlatforms) = postSolution
		{8C2C8ED7-C43E-4BA4-AD05-DD6DE9961346}.Debug|Any CPU.ActiveCfg = Debug|Any CPU
		{8C2C8ED7-C43E-4BA4-AD05-DD6DE9961346}.Debug|Any CPU.Build.0 = Debug|Any CPU
		{8C2C8ED7-C43E-4BA4-AD05-DD6DE9961346}.Release|Any CPU.ActiveCfg = Release|Any CPU
		{8C2C8ED7-C43E-4BA4-AD05-DD6DE9961346}.Release|Any CPU.Build.0 = Release|Any CPU
	EndGlobalSection
	GlobalSection(SolutionProperties) = preSolution
		HideSolutionNode = FALSE
	EndGlobalSection
	GlobalSection(ExtensibilityGlobals) = postSolution
		SolutionGuid = {00CCF108-E675-41CF-A168-A70F4560968A}
	EndGlobalSection
EndGlobal
